// !$*UTF8*$!
{
	archiveVersion = 1;
	classes = {
	};
	objectVersion = 46;
	objects = {

/* Begin PBXBuildFile section */
		4F1310711AA9623B008735E3 /* seahawkslogo.png in Resources */ = {isa = PBXBuildFile; fileRef = 4F1310701AA9623B008735E3 /* seahawkslogo.png */; };
		4F1BE34B1AA02ECC00985CAD /* PersonDetailViewController.swift in Sources */ = {isa = PBXBuildFile; fileRef = 4F1BE34A1AA02ECC00985CAD /* PersonDetailViewController.swift */; };
		4F95DD631AAFF05C00A751D3 /* People.plist in Resources */ = {isa = PBXBuildFile; fileRef = 4F95DD621AAFF05C00A751D3 /* People.plist */; };
		4FC81E911A96F598003A60E2 /* Person.swift in Sources */ = {isa = PBXBuildFile; fileRef = 4FC81E901A96F598003A60E2 /* Person.swift */; };
		4FCFA4441AAFE38800726352 /* PersonCell.swift in Sources */ = {isa = PBXBuildFile; fileRef = 4FCFA4431AAFE38800726352 /* PersonCell.swift */; };
		6E04B6B71A96AD060075E4BF /* AppDelegate.swift in Sources */ = {isa = PBXBuildFile; fileRef = 6E04B6B61A96AD060075E4BF /* AppDelegate.swift */; };
		6E04B6B91A96AD060075E4BF /* ViewController.swift in Sources */ = {isa = PBXBuildFile; fileRef = 6E04B6B81A96AD060075E4BF /* ViewController.swift */; };
		6E04B6BC1A96AD060075E4BF /* Main.storyboard in Resources */ = {isa = PBXBuildFile; fileRef = 6E04B6BA1A96AD060075E4BF /* Main.storyboard */; };
		6E04B6BE1A96AD060075E4BF /* Images.xcassets in Resources */ = {isa = PBXBuildFile; fileRef = 6E04B6BD1A96AD060075E4BF /* Images.xcassets */; };
		6E04B6C11A96AD060075E4BF /* LaunchScreen.xib in Resources */ = {isa = PBXBuildFile; fileRef = 6E04B6BF1A96AD060075E4BF /* LaunchScreen.xib */; };
		6E04B6CD1A96AD060075E4BF /* ClassRosterTests.swift in Sources */ = {isa = PBXBuildFile; fileRef = 6E04B6CC1A96AD060075E4BF /* ClassRosterTests.swift */; };
/* End PBXBuildFile section */

/* Begin PBXContainerItemProxy section */
		6E04B6C71A96AD060075E4BF /* PBXContainerItemProxy */ = {
			isa = PBXContainerItemProxy;
			containerPortal = 6E04B6A91A96AD060075E4BF /* Project object */;
			proxyType = 1;
			remoteGlobalIDString = 6E04B6B01A96AD060075E4BF;
			remoteInfo = ClassRoster;
		};
/* End PBXContainerItemProxy section */

/* Begin PBXFileReference section */
		4F1310701AA9623B008735E3 /* seahawkslogo.png */ = {isa = PBXFileReference; lastKnownFileType = image.png; name = seahawkslogo.png; path = ../seahawkslogo.png; sourceTree = "<group>"; };
		4F1BE34A1AA02ECC00985CAD /* PersonDetailViewController.swift */ = {isa = PBXFileReference; fileEncoding = 4; lastKnownFileType = sourcecode.swift; path = PersonDetailViewController.swift; sourceTree = "<group>"; };
		4F95DD621AAFF05C00A751D3 /* People.plist */ = {isa = PBXFileReference; fileEncoding = 4; lastKnownFileType = text.plist.xml; path = People.plist; sourceTree = "<group>"; };
		4FC81E901A96F598003A60E2 /* Person.swift */ = {isa = PBXFileReference; fileEncoding = 4; lastKnownFileType = sourcecode.swift; path = Person.swift; sourceTree = "<group>"; };
		4FCFA4431AAFE38800726352 /* PersonCell.swift */ = {isa = PBXFileReference; fileEncoding = 4; lastKnownFileType = sourcecode.swift; path = PersonCell.swift; sourceTree = "<group>"; };
		6E04B6B11A96AD060075E4BF /* ClassRoster.app */ = {isa = PBXFileReference; explicitFileType = wrapper.application; includeInIndex = 0; path = ClassRoster.app; sourceTree = BUILT_PRODUCTS_DIR; };
		6E04B6B51A96AD060075E4BF /* Info.plist */ = {isa = PBXFileReference; lastKnownFileType = text.plist.xml; path = Info.plist; sourceTree = "<group>"; };
		6E04B6B61A96AD060075E4BF /* AppDelegate.swift */ = {isa = PBXFileReference; lastKnownFileType = sourcecode.swift; path = AppDelegate.swift; sourceTree = "<group>"; };
		6E04B6B81A96AD060075E4BF /* ViewController.swift */ = {isa = PBXFileReference; lastKnownFileType = sourcecode.swift; path = ViewController.swift; sourceTree = "<group>"; };
		6E04B6BB1A96AD060075E4BF /* Base */ = {isa = PBXFileReference; lastKnownFileType = file.storyboard; name = Base; path = Base.lproj/Main.storyboard; sourceTree = "<group>"; };
		6E04B6BD1A96AD060075E4BF /* Images.xcassets */ = {isa = PBXFileReference; lastKnownFileType = folder.assetcatalog; path = Images.xcassets; sourceTree = "<group>"; };
		6E04B6C01A96AD060075E4BF /* Base */ = {isa = PBXFileReference; lastKnownFileType = file.xib; name = Base; path = Base.lproj/LaunchScreen.xib; sourceTree = "<group>"; };
		6E04B6C61A96AD060075E4BF /* ClassRosterTests.xctest */ = {isa = PBXFileReference; explicitFileType = wrapper.cfbundle; includeInIndex = 0; path = ClassRosterTests.xctest; sourceTree = BUILT_PRODUCTS_DIR; };
		6E04B6CB1A96AD060075E4BF /* Info.plist */ = {isa = PBXFileReference; lastKnownFileType = text.plist.xml; path = Info.plist; sourceTree = "<group>"; };
		6E04B6CC1A96AD060075E4BF /* ClassRosterTests.swift */ = {isa = PBXFileReference; lastKnownFileType = sourcecode.swift; path = ClassRosterTests.swift; sourceTree = "<group>"; };
/* End PBXFileReference section */

/* Begin PBXFrameworksBuildPhase section */
		6E04B6AE1A96AD060075E4BF /* Frameworks */ = {
			isa = PBXFrameworksBuildPhase;
			buildActionMask = 2147483647;
			files = (
			);
			runOnlyForDeploymentPostprocessing = 0;
		};
		6E04B6C31A96AD060075E4BF /* Frameworks */ = {
			isa = PBXFrameworksBuildPhase;
			buildActionMask = 2147483647;
			files = (
			);
			runOnlyForDeploymentPostprocessing = 0;
		};
/* End PBXFrameworksBuildPhase section */

/* Begin PBXGroup section */
		4FC81E8D1A96E5FE003A60E2 /* Model */ = {
			isa = PBXGroup;
			children = (
				4FC81E901A96F598003A60E2 /* Person.swift */,
			);
			name = Model;
			sourceTree = "<group>";
		};
		4FC81E8E1A96E606003A60E2 /* Controller */ = {
			isa = PBXGroup;
			children = (
				6E04B6B81A96AD060075E4BF /* ViewController.swift */,
				4F1BE34A1AA02ECC00985CAD /* PersonDetailViewController.swift */,
				4FCFA4431AAFE38800726352 /* PersonCell.swift */,
			);
			name = Controller;
			sourceTree = "<group>";
		};
		4FC81E8F1A96E613003A60E2 /* View */ = {
			isa = PBXGroup;
			children = (
				6E04B6BA1A96AD060075E4BF /* Main.storyboard */,
			);
			name = View;
			sourceTree = "<group>";
		};
		6E04B6A81A96AD050075E4BF = {
			isa = PBXGroup;
			children = (
				4F95DD621AAFF05C00A751D3 /* People.plist */,
				6E04B6B31A96AD060075E4BF /* ClassRoster */,
				6E04B6C91A96AD060075E4BF /* ClassRosterTests */,
				6E04B6B21A96AD060075E4BF /* Products */,
			);
			sourceTree = "<group>";
		};
		6E04B6B21A96AD060075E4BF /* Products */ = {
			isa = PBXGroup;
			children = (
				6E04B6B11A96AD060075E4BF /* ClassRoster.app */,
				6E04B6C61A96AD060075E4BF /* ClassRosterTests.xctest */,
			);
			name = Products;
			sourceTree = "<group>";
		};
		6E04B6B31A96AD060075E4BF /* ClassRoster */ = {
			isa = PBXGroup;
			children = (
				4FC81E8D1A96E5FE003A60E2 /* Model */,
				4FC81E8F1A96E613003A60E2 /* View */,
				4FC81E8E1A96E606003A60E2 /* Controller */,
				6E04B6B61A96AD060075E4BF /* AppDelegate.swift */,
				6E04B6BD1A96AD060075E4BF /* Images.xcassets */,
				6E04B6BF1A96AD060075E4BF /* LaunchScreen.xib */,
				6E04B6B41A96AD060075E4BF /* Supporting Files */,
			);
			path = ClassRoster;
			sourceTree = "<group>";
		};
		6E04B6B41A96AD060075E4BF /* Supporting Files */ = {
			isa = PBXGroup;
			children = (
				4F1310701AA9623B008735E3 /* seahawkslogo.png */,
				6E04B6B51A96AD060075E4BF /* Info.plist */,
			);
			name = "Supporting Files";
			sourceTree = "<group>";
		};
		6E04B6C91A96AD060075E4BF /* ClassRosterTests */ = {
			isa = PBXGroup;
			children = (
				6E04B6CC1A96AD060075E4BF /* ClassRosterTests.swift */,
				6E04B6CA1A96AD060075E4BF /* Supporting Files */,
			);
			path = ClassRosterTests;
			sourceTree = "<group>";
		};
		6E04B6CA1A96AD060075E4BF /* Supporting Files */ = {
			isa = PBXGroup;
			children = (
				6E04B6CB1A96AD060075E4BF /* Info.plist */,
			);
			name = "Supporting Files";
			sourceTree = "<group>";
		};
/* End PBXGroup section */

/* Begin PBXNativeTarget section */
		6E04B6B01A96AD060075E4BF /* ClassRoster */ = {
			isa = PBXNativeTarget;
			buildConfigurationList = 6E04B6D01A96AD060075E4BF /* Build configuration list for PBXNativeTarget "ClassRoster" */;
			buildPhases = (
				6E04B6AD1A96AD060075E4BF /* Sources */,
				6E04B6AE1A96AD060075E4BF /* Frameworks */,
				6E04B6AF1A96AD060075E4BF /* Resources */,
			);
			buildRules = (
			);
			dependencies = (
			);
			name = ClassRoster;
			productName = ClassRoster;
			productReference = 6E04B6B11A96AD060075E4BF /* ClassRoster.app */;
			productType = "com.apple.product-type.application";
		};
		6E04B6C51A96AD060075E4BF /* ClassRosterTests */ = {
			isa = PBXNativeTarget;
			buildConfigurationList = 6E04B6D31A96AD060075E4BF /* Build configuration list for PBXNativeTarget "ClassRosterTests" */;
			buildPhases = (
				6E04B6C21A96AD060075E4BF /* Sources */,
				6E04B6C31A96AD060075E4BF /* Frameworks */,
				6E04B6C41A96AD060075E4BF /* Resources */,
			);
			buildRules = (
			);
			dependencies = (
				6E04B6C81A96AD060075E4BF /* PBXTargetDependency */,
			);
			name = ClassRosterTests;
			productName = ClassRosterTests;
			productReference = 6E04B6C61A96AD060075E4BF /* ClassRosterTests.xctest */;
			productType = "com.apple.product-type.bundle.unit-test";
		};
/* End PBXNativeTarget section */

/* Begin PBXProject section */
		6E04B6A91A96AD060075E4BF /* Project object */ = {
			isa = PBXProject;
			attributes = {
				LastUpgradeCheck = 0610;
				ORGANIZATIONNAME = JHK;
				TargetAttributes = {
					6E04B6B01A96AD060075E4BF = {
						CreatedOnToolsVersion = 6.1;
					};
					6E04B6C51A96AD060075E4BF = {
						CreatedOnToolsVersion = 6.1;
						TestTargetID = 6E04B6B01A96AD060075E4BF;
					};
				};
			};
			buildConfigurationList = 6E04B6AC1A96AD060075E4BF /* Build configuration list for PBXProject "ClassRoster" */;
			compatibilityVersion = "Xcode 3.2";
			developmentRegion = English;
			hasScannedForEncodings = 0;
			knownRegions = (
				en,
				Base,
			);
			mainGroup = 6E04B6A81A96AD050075E4BF;
			productRefGroup = 6E04B6B21A96AD060075E4BF /* Products */;
			projectDirPath = "";
			projectRoot = "";
			targets = (
				6E04B6B01A96AD060075E4BF /* ClassRoster */,
				6E04B6C51A96AD060075E4BF /* ClassRosterTests */,
			);
		};
/* End PBXProject section */

/* Begin PBXResourcesBuildPhase section */
		6E04B6AF1A96AD060075E4BF /* Resources */ = {
			isa = PBXResourcesBuildPhase;
			buildActionMask = 2147483647;
			files = (
				4F95DD631AAFF05C00A751D3 /* People.plist in Resources */,
				6E04B6BC1A96AD060075E4BF /* Main.storyboard in Resources */,
				6E04B6C11A96AD060075E4BF /* LaunchScreen.xib in Resources */,
				6E04B6BE1A96AD060075E4BF /* Images.xcassets in Resources */,
				4F1310711AA9623B008735E3 /* seahawkslogo.png in Resources */,
			);
			runOnlyForDeploymentPostprocessing = 0;
		};
		6E04B6C41A96AD060075E4BF /* Resources */ = {
			isa = PBXResourcesBuildPhase;
			buildActionMask = 2147483647;
			files = (
			);
			runOnlyForDeploymentPostprocessing = 0;
		};
/* End PBXResourcesBuildPhase section */

/* Begin PBXSourcesBuildPhase section */
		6E04B6AD1A96AD060075E4BF /* Sources */ = {
			isa = PBXSourcesBuildPhase;
			buildActionMask = 2147483647;
			files = (
				4F1BE34B1AA02ECC00985CAD /* PersonDetailViewController.swift in Sources */,
				4FC81E911A96F598003A60E2 /* Person.swift in Sources */,
				6E04B6B91A96AD060075E4BF /* ViewController.swift in Sources */,
				4FCFA4441AAFE38800726352 /* PersonCell.swift in Sources */,
				6E04B6B71A96AD060075E4BF /* AppDelegate.swift in Sources */,
			);
			runOnlyForDeploymentPostprocessing = 0;
		};
		6E04B6C21A96AD060075E4BF /* Sources */ = {
			isa = PBXSourcesBuildPhase;
			buildActionMask = 2147483647;
			files = (
				6E04B6CD1A96AD060075E4BF /* ClassRosterTests.swift in Sources */,
			);
			runOnlyForDeploymentPostprocessing = 0;
		};
/* End PBXSourcesBuildPhase section */

/* Begin PBXTargetDependency section */
		6E04B6C81A96AD060075E4BF /* PBXTargetDependency */ = {
			isa = PBXTargetDependency;
			target = 6E04B6B01A96AD060075E4BF /* ClassRoster */;
			targetProxy = 6E04B6C71A96AD060075E4BF /* PBXContainerItemProxy */;
		};
/* End PBXTargetDependency section */

/* Begin PBXVariantGroup section */
		6E04B6BA1A96AD060075E4BF /* Main.storyboard */ = {
			isa = PBXVariantGroup;
			children = (
				6E04B6BB1A96AD060075E4BF /* Base */,
			);
			name = Main.storyboard;
			sourceTree = "<group>";
		};
		6E04B6BF1A96AD060075E4BF /* LaunchScreen.xib */ = {
			isa = PBXVariantGroup;
			children = (
				6E04B6C01A96AD060075E4BF /* Base */,
			);
			name = LaunchScreen.xib;
			sourceTree = "<group>";
		};
/* End PBXVariantGroup section */

/* Begin XCBuildConfiguration section */
		6E04B6CE1A96AD060075E4BF /* Debug */ = {
			isa = XCBuildConfiguration;
			buildSettings = {
				ALWAYS_SEARCH_USER_PATHS = NO;
				CLANG_CXX_LANGUAGE_STANDARD = "gnu++0x";
				CLANG_CXX_LIBRARY = "libc++";
				CLANG_ENABLE_MODULES = YES;
				CLANG_ENABLE_OBJC_ARC = YES;
				CLANG_WARN_BOOL_CONVERSION = YES;
				CLANG_WARN_CONSTANT_CONVERSION = YES;
				CLANG_WARN_DIRECT_OBJC_ISA_USAGE = YES_ERROR;
				CLANG_WARN_EMPTY_BODY = YES;
				CLANG_WARN_ENUM_CONVERSION = YES;
				CLANG_WARN_INT_CONVERSION = YES;
				CLANG_WARN_OBJC_ROOT_CLASS = YES_ERROR;
				CLANG_WARN_UNREACHABLE_CODE = YES;
				CLANG_WARN__DUPLICATE_METHOD_MATCH = YES;
				"CODE_SIGN_IDENTITY[sdk=iphoneos*]" = "iPhone Developer";
				COPY_PHASE_STRIP = NO;
				ENABLE_STRICT_OBJC_MSGSEND = YES;
				GCC_C_LANGUAGE_STANDARD = gnu99;
				GCC_DYNAMIC_NO_PIC = NO;
				GCC_OPTIMIZATION_LEVEL = 0;
				GCC_PREPROCESSOR_DEFINITIONS = (
					"DEBUG=1",
					"$(inherited)",
				);
				GCC_SYMBOLS_PRIVATE_EXTERN = NO;
				GCC_WARN_64_TO_32_BIT_CONVERSION = YES;
				GCC_WARN_ABOUT_RETURN_TYPE = YES_ERROR;
				GCC_WARN_UNDECLARED_SELECTOR = YES;
				GCC_WARN_UNINITIALIZED_AUTOS = YES_AGGRESSIVE;
				GCC_WARN_UNUSED_FUNCTION = YES;
				GCC_WARN_UNUSED_VARIABLE = YES;
				IPHONEOS_DEPLOYMENT_TARGET = 8.1;
				MTL_ENABLE_DEBUG_INFO = YES;
				ONLY_ACTIVE_ARCH = YES;
				SDKROOT = iphoneos;
				SWIFT_OPTIMIZATION_LEVEL = "-Onone";
			};
			name = Debug;
		};
		6E04B6CF1A96AD060075E4BF /* Release */ = {
			isa = XCBuildConfiguration;
			buildSettings = {
				ALWAYS_SEARCH_USER_PATHS = NO;
				CLANG_CXX_LANGUAGE_STANDARD = "gnu++0x";
				CLANG_CXX_LIBRARY = "libc++";
				CLANG_ENABLE_MODULES = YES;
				CLANG_ENABLE_OBJC_ARC = YES;
				CLANG_WARN_BOOL_CONVERSION = YES;
				CLANG_WARN_CONSTANT_CONVERSION = YES;
				CLANG_WARN_DIRECT_OBJC_ISA_USAGE = YES_ERROR;
				CLANG_WARN_EMPTY_BODY = YES;
				CLANG_WARN_ENUM_CONVERSION = YES;
				CLANG_WARN_INT_CONVERSION = YES;
				CLANG_WARN_OBJC_ROOT_CLASS = YES_ERROR;
				CLANG_WARN_UNREACHABLE_CODE = YES;
				CLANG_WARN__DUPLICATE_METHOD_MATCH = YES;
				"CODE_SIGN_IDENTITY[sdk=iphoneos*]" = "iPhone Developer";
				COPY_PHASE_STRIP = YES;
				ENABLE_NS_ASSERTIONS = NO;
				ENABLE_STRICT_OBJC_MSGSEND = YES;
				GCC_C_LANGUAGE_STANDARD = gnu99;
				GCC_WARN_64_TO_32_BIT_CONVERSION = YES;
				GCC_WARN_ABOUT_RETURN_TYPE = YES_ERROR;
				GCC_WARN_UNDECLARED_SELECTOR = YES;
				GCC_WARN_UNINITIALIZED_AUTOS = YES_AGGRESSIVE;
				GCC_WARN_UNUSED_FUNCTION = YES;
				GCC_WARN_UNUSED_VARIABLE = YES;
				IPHONEOS_DEPLOYMENT_TARGET = 8.1;
				MTL_ENABLE_DEBUG_INFO = NO;
				SDKROOT = iphoneos;
				VALIDATE_PRODUCT = YES;
			};
			name = Release;
		};
		6E04B6D11A96AD060075E4BF /* Debug */ = {
			isa = XCBuildConfiguration;
			buildSettings = {
				ASSETCATALOG_COMPILER_APPICON_NAME = AppIcon;
				INFOPLIST_FILE = ClassRoster/Info.plist;
				LD_RUNPATH_SEARCH_PATHS = "$(inherited) @executable_path/Frameworks";
				PRODUCT_NAME = "$(TARGET_NAME)";
			};
			name = Debug;
		};
		6E04B6D21A96AD060075E4BF /* Release */ = {
			isa = XCBuildConfiguration;
			buildSettings = {
				ASSETCATALOG_COMPILER_APPICON_NAME = AppIcon;
				INFOPLIST_FILE = ClassRoster/Info.plist;
				LD_RUNPATH_SEARCH_PATHS = "$(inherited) @executable_path/Frameworks";
				PRODUCT_NAME = "$(TARGET_NAME)";
			};
			name = Release;
		};
		6E04B6D41A96AD060075E4BF /* Debug */ = {
			isa = XCBuildConfiguration;
			buildSettings = {
				BUNDLE_LOADER = "$(TEST_HOST)";
				FRAMEWORK_SEARCH_PATHS = (
					"$(SDKROOT)/Developer/Library/Frameworks",
					"$(inherited)",
				);
				GCC_PREPROCESSOR_DEFINITIONS = (
					"DEBUG=1",
					"$(inherited)",
				);
				INFOPLIST_FILE = ClassRosterTests/Info.plist;
				LD_RUNPATH_SEARCH_PATHS = "$(inherited) @executable_path/Frameworks @loader_path/Frameworks";
				PRODUCT_NAME = "$(TARGET_NAME)";
				TEST_HOST = "$(BUILT_PRODUCTS_DIR)/ClassRoster.app/ClassRoster";
			};
			name = Debug;
		};
		6E04B6D51A96AD060075E4BF /* Release */ = {
			isa = XCBuildConfiguration;
			buildSettings = {
				BUNDLE_LOADER = "$(TEST_HOST)";
				FRAMEWORK_SEARCH_PATHS = (
					"$(SDKROOT)/Developer/Library/Frameworks",
					"$(inherited)",
				);
				INFOPLIST_FILE = ClassRosterTests/Info.plist;
				LD_RUNPATH_SEARCH_PATHS = "$(inherited) @executable_path/Frameworks @loader_path/Frameworks";
				PRODUCT_NAME = "$(TARGET_NAME)";
				TEST_HOST = "$(BUILT_PRODUCTS_DIR)/ClassRoster.app/ClassRoster";
			};
			name = Release;
		};
/* End XCBuildConfiguration section */

/* Begin XCConfigurationList section */
		6E04B6AC1A96AD060075E4BF /* Build configuration list for PBXProject "ClassRoster" */ = {
			isa = XCConfigurationList;
			buildConfigurations = (
				6E04B6CE1A96AD060075E4BF /* Debug */,
				6E04B6CF1A96AD060075E4BF /* Release */,
			);
			defaultConfigurationIsVisible = 0;
			defaultConfigurationName = Release;
		};
		6E04B6D01A96AD060075E4BF /* Build configuration list for PBXNativeTarget "ClassRoster" */ = {
			isa = XCConfigurationList;
			buildConfigurations = (
				6E04B6D11A96AD060075E4BF /* Debug */,
				6E04B6D21A96AD060075E4BF /* Release */,
			);
			defaultConfigurationIsVisible = 0;
			defaultConfigurationName = Release;
		};
		6E04B6D31A96AD060075E4BF /* Build configuration list for PBXNativeTarget "ClassRosterTests" */ = {
			isa = XCConfigurationList;
			buildConfigurations = (
				6E04B6D41A96AD060075E4BF /* Debug */,
				6E04B6D51A96AD060075E4BF /* Release */,
			);
			defaultConfigurationIsVisible = 0;
			defaultConfigurationName = Release;
		};
/* End XCConfigurationList section */
	};
	rootObject = 6E04B6A91A96AD060075E4BF /* Project object */;
}
